
Microsoft Visual Studio Solution File, Format Version 12.00
# Visual Studio 14
VisualStudioVersion = 14.0.25420.1
MinimumVisualStudioVersion = 10.0.40219.1
Project("{FAE04EC0-301F-11D3-BF4B-00C04F79EFBC}") = "App2", "App2\App2\App2.csproj", "{5F35589F-CD11-4E0B-8663-5F962DE4BC7A}"
EndProject
Project("{FAE04EC0-301F-11D3-BF4B-00C04F79EFBC}") = "App2.Droid", "App2\App2.Droid\App2.Droid.csproj", "{D8AECB5F-DFF2-4F21-BF39-50CF7680B8AC}"
EndProject
Project("{FAE04EC0-301F-11D3-BF4B-00C04F79EFBC}") = "App2.iOS", "App2\App2.iOS\App2.iOS.csproj", "{E0C0ED5B-BF57-4398-A504-06036749751E}"
EndProject
Project("{FAE04EC0-301F-11D3-BF4B-00C04F79EFBC}") = "App2.WinPhone", "App2\App2.WinPhone\App2.WinPhone.csproj", "{848EB389-11FE-4793-B14D-D3D913D57956}"
EndProject
Project("{FAE04EC0-301F-11D3-BF4B-00C04F79EFBC}") = "App2.UWP", "App2\App2.UWP\App2.UWP.csproj", "{34433FFF-00F9-4379-8AD8-C7469AB34ED4}"
EndProject
Project("{FAE04EC0-301F-11D3-BF4B-00C04F79EFBC}") = "App2.Windows", "App2\App2.Windows\App2.Windows.csproj", "{C5CD3272-ADB6-407C-A64C-530420037405}"
EndProject
Global
	GlobalSection(SolutionConfigurationPlatforms) = preSolution
		Ad-Hoc|Any CPU = Ad-Hoc|Any CPU
		Ad-Hoc|ARM = Ad-Hoc|ARM
		Ad-Hoc|iPhone = Ad-Hoc|iPhone
		Ad-Hoc|iPhoneSimulator = Ad-Hoc|iPhoneSimulator
		Ad-Hoc|x64 = Ad-Hoc|x64
		Ad-Hoc|x86 = Ad-Hoc|x86
		AppStore|Any CPU = AppStore|Any CPU
		AppStore|ARM = AppStore|ARM
		AppStore|iPhone = AppStore|iPhone
		AppStore|iPhoneSimulator = AppStore|iPhoneSimulator
		AppStore|x64 = AppStore|x64
		AppStore|x86 = AppStore|x86
		Debug|Any CPU = Debug|Any CPU
		Debug|ARM = Debug|ARM
		Debug|iPhone = Debug|iPhone
		Debug|iPhoneSimulator = Debug|iPhoneSimulator
		Debug|x64 = Debug|x64
		Debug|x86 = Debug|x86
		Release|Any CPU = Release|Any CPU
		Release|ARM = Release|ARM
		Release|iPhone = Release|iPhone
		Release|iPhoneSimulator = Release|iPhoneSimulator
		Release|x64 = Release|x64
		Release|x86 = Release|x86
	EndGlobalSection
	GlobalSection(ProjectConfigurationPlatforms) = postSolution
		{5F35589F-CD11-4E0B-8663-5F962DE4BC7A}.Ad-Hoc|Any CPU.ActiveCfg = Release|Any CPU
		{5F35589F-CD11-4E0B-8663-5F962DE4BC7A}.Ad-Hoc|Any CPU.Build.0 = Release|Any CPU
		{5F35589F-CD11-4E0B-8663-5F962DE4BC7A}.Ad-Hoc|ARM.ActiveCfg = Release|Any CPU
		{5F35589F-CD11-4E0B-8663-5F962DE4BC7A}.Ad-Hoc|ARM.Build.0 = Release|Any CPU
		{5F35589F-CD11-4E0B-8663-5F962DE4BC7A}.Ad-Hoc|iPhone.ActiveCfg = Release|Any CPU
		{5F35589F-CD11-4E0B-8663-5F962DE4BC7A}.Ad-Hoc|iPhone.Build.0 = Release|Any CPU
		{5F35589F-CD11-4E0B-8663-5F962DE4BC7A}.Ad-Hoc|iPhoneSimulator.ActiveCfg = Release|Any CPU
		{5F35589F-CD11-4E0B-8663-5F962DE4BC7A}.Ad-Hoc|iPhoneSimulator.Build.0 = Release|Any CPU
		{5F35589F-CD11-4E0B-8663-5F962DE4BC7A}.Ad-Hoc|x64.ActiveCfg = Release|Any CPU
		{5F35589F-CD11-4E0B-8663-5F962DE4BC7A}.Ad-Hoc|x64.Build.0 = Release|Any CPU
		{5F35589F-CD11-4E0B-8663-5F962DE4BC7A}.Ad-Hoc|x86.ActiveCfg = Release|Any CPU
		{5F35589F-CD11-4E0B-8663-5F962DE4BC7A}.Ad-Hoc|x86.Build.0 = Release|Any CPU
		{5F35589F-CD11-4E0B-8663-5F962DE4BC7A}.AppStore|Any CPU.ActiveCfg = Release|Any CPU
		{5F35589F-CD11-4E0B-8663-5F962DE4BC7A}.AppStore|Any CPU.Build.0 = Release|Any CPU
		{5F35589F-CD11-4E0B-8663-5F962DE4BC7A}.AppStore|ARM.ActiveCfg = Release|Any CPU
		{5F35589F-CD11-4E0B-8663-5F962DE4BC7A}.AppStore|ARM.Build.0 = Release|Any CPU
		{5F35589F-CD11-4E0B-8663-5F962DE4BC7A}.AppStore|iPhone.ActiveCfg = Release|Any CPU
		{5F35589F-CD11-4E0B-8663-5F962DE4BC7A}.AppStore|iPhone.Build.0 = Release|Any CPU
		{5F35589F-CD11-4E0B-8663-5F962DE4BC7A}.AppStore|iPhoneSimulator.ActiveCfg = Release|Any CPU
		{5F35589F-CD11-4E0B-8663-5F962DE4BC7A}.AppStore|iPhoneSimulator.Build.0 = Release|Any CPU
		{5F35589F-CD11-4E0B-8663-5F962DE4BC7A}.AppStore|x64.ActiveCfg = Release|Any CPU
		{5F35589F-CD11-4E0B-8663-5F962DE4BC7A}.AppStore|x64.Build.0 = Release|Any CPU
		{5F35589F-CD11-4E0B-8663-5F962DE4BC7A}.AppStore|x86.ActiveCfg = Release|Any CPU
		{5F35589F-CD11-4E0B-8663-5F962DE4BC7A}.AppStore|x86.Build.0 = Release|Any CPU
		{5F35589F-CD11-4E0B-8663-5F962DE4BC7A}.Debug|Any CPU.ActiveCfg = Debug|Any CPU
		{5F35589F-CD11-4E0B-8663-5F962DE4BC7A}.Debug|Any CPU.Build.0 = Debug|Any CPU
		{5F35589F-CD11-4E0B-8663-5F962DE4BC7A}.Debug|ARM.ActiveCfg = Debug|Any CPU
		{5F35589F-CD11-4E0B-8663-5F962DE4BC7A}.Debug|ARM.Build.0 = Debug|Any CPU
		{5F35589F-CD11-4E0B-8663-5F962DE4BC7A}.Debug|iPhone.ActiveCfg = Debug|Any CPU
		{5F35589F-CD11-4E0B-8663-5F962DE4BC7A}.Debug|iPhone.Build.0 = Debug|Any CPU
		{5F35589F-CD11-4E0B-8663-5F962DE4BC7A}.Debug|iPhoneSimulator.ActiveCfg = Debug|Any CPU
		{5F35589F-CD11-4E0B-8663-5F962DE4BC7A}.Debug|iPhoneSimulator.Build.0 = Debug|Any CPU
		{5F35589F-CD11-4E0B-8663-5F962DE4BC7A}.Debug|x64.ActiveCfg = Debug|Any CPU
		{5F35589F-CD11-4E0B-8663-5F962DE4BC7A}.Debug|x64.Build.0 = Debug|Any CPU
		{5F35589F-CD11-4E0B-8663-5F962DE4BC7A}.Debug|x86.ActiveCfg = Debug|Any CPU
		{5F35589F-CD11-4E0B-8663-5F962DE4BC7A}.Debug|x86.Build.0 = Debug|Any CPU
		{5F35589F-CD11-4E0B-8663-5F962DE4BC7A}.Release|Any CPU.ActiveCfg = Release|Any CPU
		{5F35589F-CD11-4E0B-8663-5F962DE4BC7A}.Release|Any CPU.Build.0 = Release|Any CPU
		{5F35589F-CD11-4E0B-8663-5F962DE4BC7A}.Release|ARM.ActiveCfg = Release|Any CPU
		{5F35589F-CD11-4E0B-8663-5F962DE4BC7A}.Release|ARM.Build.0 = Release|Any CPU
		{5F35589F-CD11-4E0B-8663-5F962DE4BC7A}.Release|iPhone.ActiveCfg = Release|Any CPU
		{5F35589F-CD11-4E0B-8663-5F962DE4BC7A}.Release|iPhone.Build.0 = Release|Any CPU
		{5F35589F-CD11-4E0B-8663-5F962DE4BC7A}.Release|iPhoneSimulator.ActiveCfg = Release|Any CPU
		{5F35589F-CD11-4E0B-8663-5F962DE4BC7A}.Release|iPhoneSimulator.Build.0 = Release|Any CPU
		{5F35589F-CD11-4E0B-8663-5F962DE4BC7A}.Release|x64.ActiveCfg = Release|Any CPU
		{5F35589F-CD11-4E0B-8663-5F962DE4BC7A}.Release|x64.Build.0 = Release|Any CPU
		{5F35589F-CD11-4E0B-8663-5F962DE4BC7A}.Release|x86.ActiveCfg = Release|Any CPU
		{5F35589F-CD11-4E0B-8663-5F962DE4BC7A}.Release|x86.Build.0 = Release|Any CPU
		{D8AECB5F-DFF2-4F21-BF39-50CF7680B8AC}.Ad-Hoc|Any CPU.ActiveCfg = Release|Any CPU
		{D8AECB5F-DFF2-4F21-BF39-50CF7680B8AC}.Ad-Hoc|Any CPU.Build.0 = Release|Any CPU
		{D8AECB5F-DFF2-4F21-BF39-50CF7680B8AC}.Ad-Hoc|Any CPU.Deploy.0 = Release|Any CPU
		{D8AECB5F-DFF2-4F21-BF39-50CF7680B8AC}.Ad-Hoc|ARM.ActiveCfg = Release|Any CPU
		{D8AECB5F-DFF2-4F21-BF39-50CF7680B8AC}.Ad-Hoc|ARM.Build.0 = Release|Any CPU
		{D8AECB5F-DFF2-4F21-BF39-50CF7680B8AC}.Ad-Hoc|ARM.Deploy.0 = Release|Any CPU
		{D8AECB5F-DFF2-4F21-BF39-50CF7680B8AC}.Ad-Hoc|iPhone.ActiveCfg = Release|Any CPU
		{D8AECB5F-DFF2-4F21-BF39-50CF7680B8AC}.Ad-Hoc|iPhone.Build.0 = Release|Any CPU
		{D8AECB5F-DFF2-4F21-BF39-50CF7680B8AC}.Ad-Hoc|iPhone.Deploy.0 = Release|Any CPU
		{D8AECB5F-DFF2-4F21-BF39-50CF7680B8AC}.Ad-Hoc|iPhoneSimulator.ActiveCfg = Release|Any CPU
		{D8AECB5F-DFF2-4F21-BF39-50CF7680B8AC}.Ad-Hoc|iPhoneSimulator.Build.0 = Release|Any CPU
		{D8AECB5F-DFF2-4F21-BF39-50CF7680B8AC}.Ad-Hoc|iPhoneSimulator.Deploy.0 = Release|Any CPU
		{D8AECB5F-DFF2-4F21-BF39-50CF7680B8AC}.Ad-Hoc|x64.ActiveCfg = Release|Any CPU
		{D8AECB5F-DFF2-4F21-BF39-50CF7680B8AC}.Ad-Hoc|x64.Build.0 = Release|Any CPU
		{D8AECB5F-DFF2-4F21-BF39-50CF7680B8AC}.Ad-Hoc|x64.Deploy.0 = Release|Any CPU
		{D8AECB5F-DFF2-4F21-BF39-50CF7680B8AC}.Ad-Hoc|x86.ActiveCfg = Release|Any CPU
		{D8AECB5F-DFF2-4F21-BF39-50CF7680B8AC}.Ad-Hoc|x86.Build.0 = Release|Any CPU
		{D8AECB5F-DFF2-4F21-BF39-50CF7680B8AC}.Ad-Hoc|x86.Deploy.0 = Release|Any CPU
		{D8AECB5F-DFF2-4F21-BF39-50CF7680B8AC}.AppStore|Any CPU.ActiveCfg = Release|Any CPU
		{D8AECB5F-DFF2-4F21-BF39-50CF7680B8AC}.AppStore|Any CPU.Build.0 = Release|Any CPU
		{D8AECB5F-DFF2-4F21-BF39-50CF7680B8AC}.AppStore|Any CPU.Deploy.0 = Release|Any CPU
		{D8AECB5F-DFF2-4F21-BF39-50CF7680B8AC}.AppStore|ARM.ActiveCfg = Release|Any CPU
		{D8AECB5F-DFF2-4F21-BF39-50CF7680B8AC}.AppStore|ARM.Build.0 = Release|Any CPU
		{D8AECB5F-DFF2-4F21-BF39-50CF7680B8AC}.AppStore|ARM.Deploy.0 = Release|Any CPU
		{D8AECB5F-DFF2-4F21-BF39-50CF7680B8AC}.AppStore|iPhone.ActiveCfg = Release|Any CPU
		{D8AECB5F-DFF2-4F21-BF39-50CF7680B8AC}.AppStore|iPhone.Build.0 = Release|Any CPU
		{D8AECB5F-DFF2-4F21-BF39-50CF7680B8AC}.AppStore|iPhone.Deploy.0 = Release|Any CPU
		{D8AECB5F-DFF2-4F21-BF39-50CF7680B8AC}.AppStore|iPhoneSimulator.ActiveCfg = Release|Any CPU
		{D8AECB5F-DFF2-4F21-BF39-50CF7680B8AC}.AppStore|iPhoneSimulator.Build.0 = Release|Any CPU
		{D8AECB5F-DFF2-4F21-BF39-50CF7680B8AC}.AppStore|iPhoneSimulator.Deploy.0 = Release|Any CPU
		{D8AECB5F-DFF2-4F21-BF39-50CF7680B8AC}.AppStore|x64.ActiveCfg = Release|Any CPU
		{D8AECB5F-DFF2-4F21-BF39-50CF7680B8AC}.AppStore|x64.Build.0 = Release|Any CPU
		{D8AECB5F-DFF2-4F21-BF39-50CF7680B8AC}.AppStore|x64.Deploy.0 = Release|Any CPU
		{D8AECB5F-DFF2-4F21-BF39-50CF7680B8AC}.AppStore|x86.ActiveCfg = Release|Any CPU
		{D8AECB5F-DFF2-4F21-BF39-50CF7680B8AC}.AppStore|x86.Build.0 = Release|Any CPU
		{D8AECB5F-DFF2-4F21-BF39-50CF7680B8AC}.AppStore|x86.Deploy.0 = Release|Any CPU
		{D8AECB5F-DFF2-4F21-BF39-50CF7680B8AC}.Debug|Any CPU.ActiveCfg = Debug|Any CPU
		{D8AECB5F-DFF2-4F21-BF39-50CF7680B8AC}.Debug|Any CPU.Build.0 = Debug|Any CPU
		{D8AECB5F-DFF2-4F21-BF39-50CF7680B8AC}.Debug|Any CPU.Deploy.0 = Debug|Any CPU
		{D8AECB5F-DFF2-4F21-BF39-50CF7680B8AC}.Debug|ARM.ActiveCfg = Debug|Any CPU
		{D8AECB5F-DFF2-4F21-BF39-50CF7680B8AC}.Debug|ARM.Build.0 = Debug|Any CPU
		{D8AECB5F-DFF2-4F21-BF39-50CF7680B8AC}.Debug|ARM.Deploy.0 = Debug|Any CPU
		{D8AECB5F-DFF2-4F21-BF39-50CF7680B8AC}.Debug|iPhone.ActiveCfg = Debug|Any CPU
		{D8AECB5F-DFF2-4F21-BF39-50CF7680B8AC}.Debug|iPhone.Build.0 = Debug|Any CPU
		{D8AECB5F-DFF2-4F21-BF39-50CF7680B8AC}.Debug|iPhone.Deploy.0 = Debug|Any CPU
		{D8AECB5F-DFF2-4F21-BF39-50CF7680B8AC}.Debug|iPhoneSimulator.ActiveCfg = Debug|Any CPU
		{D8AECB5F-DFF2-4F21-BF39-50CF7680B8AC}.Debug|iPhoneSimulator.Build.0 = Debug|Any CPU
		{D8AECB5F-DFF2-4F21-BF39-50CF7680B8AC}.Debug|iPhoneSimulator.Deploy.0 = Debug|Any CPU
		{D8AECB5F-DFF2-4F21-BF39-50CF7680B8AC}.Debug|x64.ActiveCfg = Debug|Any CPU
		{D8AECB5F-DFF2-4F21-BF39-50CF7680B8AC}.Debug|x64.Build.0 = Debug|Any CPU
		{D8AECB5F-DFF2-4F21-BF39-50CF7680B8AC}.Debug|x64.Deploy.0 = Debug|Any CPU
		{D8AECB5F-DFF2-4F21-BF39-50CF7680B8AC}.Debug|x86.ActiveCfg = Debug|Any CPU
		{D8AECB5F-DFF2-4F21-BF39-50CF7680B8AC}.Debug|x86.Build.0 = Debug|Any CPU
		{D8AECB5F-DFF2-4F21-BF39-50CF7680B8AC}.Debug|x86.Deploy.0 = Debug|Any CPU
		{D8AECB5F-DFF2-4F21-BF39-50CF7680B8AC}.Release|Any CPU.ActiveCfg = Release|Any CPU
		{D8AECB5F-DFF2-4F21-BF39-50CF7680B8AC}.Release|Any CPU.Build.0 = Release|Any CPU
		{D8AECB5F-DFF2-4F21-BF39-50CF7680B8AC}.Release|Any CPU.Deploy.0 = Release|Any CPU
		{D8AECB5F-DFF2-4F21-BF39-50CF7680B8AC}.Release|ARM.ActiveCfg = Release|Any CPU
		{D8AECB5F-DFF2-4F21-BF39-50CF7680B8AC}.Release|ARM.Build.0 = Release|Any CPU
		{D8AECB5F-DFF2-4F21-BF39-50CF7680B8AC}.Release|ARM.Deploy.0 = Release|Any CPU
		{D8AECB5F-DFF2-4F21-BF39-50CF7680B8AC}.Release|iPhone.ActiveCfg = Release|Any CPU
		{D8AECB5F-DFF2-4F21-BF39-50CF7680B8AC}.Release|iPhone.Build.0 = Release|Any CPU
		{D8AECB5F-DFF2-4F21-BF39-50CF7680B8AC}.Release|iPhone.Deploy.0 = Release|Any CPU
		{D8AECB5F-DFF2-4F21-BF39-50CF7680B8AC}.Release|iPhoneSimulator.ActiveCfg = Release|Any CPU
		{D8AECB5F-DFF2-4F21-BF39-50CF7680B8AC}.Release|iPhoneSimulator.Build.0 = Release|Any CPU
		{D8AECB5F-DFF2-4F21-BF39-50CF7680B8AC}.Release|iPhoneSimulator.Deploy.0 = Release|Any CPU
		{D8AECB5F-DFF2-4F21-BF39-50CF7680B8AC}.Release|x64.ActiveCfg = Release|Any CPU
		{D8AECB5F-DFF2-4F21-BF39-50CF7680B8AC}.Release|x64.Build.0 = Release|Any CPU
		{D8AECB5F-DFF2-4F21-BF39-50CF7680B8AC}.Release|x64.Deploy.0 = Release|Any CPU
		{D8AECB5F-DFF2-4F21-BF39-50CF7680B8AC}.Release|x86.ActiveCfg = Release|Any CPU
		{D8AECB5F-DFF2-4F21-BF39-50CF7680B8AC}.Release|x86.Build.0 = Release|Any CPU
		{D8AECB5F-DFF2-4F21-BF39-50CF7680B8AC}.Release|x86.Deploy.0 = Release|Any CPU
		{E0C0ED5B-BF57-4398-A504-06036749751E}.Ad-Hoc|Any CPU.ActiveCfg = Ad-Hoc|iPhone
		{E0C0ED5B-BF57-4398-A504-06036749751E}.Ad-Hoc|ARM.ActiveCfg = Ad-Hoc|iPhone
		{E0C0ED5B-BF57-4398-A504-06036749751E}.Ad-Hoc|iPhone.ActiveCfg = Ad-Hoc|iPhone
		{E0C0ED5B-BF57-4398-A504-06036749751E}.Ad-Hoc|iPhone.Build.0 = Ad-Hoc|iPhone
		{E0C0ED5B-BF57-4398-A504-06036749751E}.Ad-Hoc|iPhoneSimulator.ActiveCfg = Ad-Hoc|iPhoneSimulator
		{E0C0ED5B-BF57-4398-A504-06036749751E}.Ad-Hoc|iPhoneSimulator.Build.0 = Ad-Hoc|iPhoneSimulator
		{E0C0ED5B-BF57-4398-A504-06036749751E}.Ad-Hoc|x64.ActiveCfg = Ad-Hoc|iPhone
		{E0C0ED5B-BF57-4398-A504-06036749751E}.Ad-Hoc|x86.ActiveCfg = Ad-Hoc|iPhone
		{E0C0ED5B-BF57-4398-A504-06036749751E}.AppStore|Any CPU.ActiveCfg = AppStore|iPhone
		{E0C0ED5B-BF57-4398-A504-06036749751E}.AppStore|ARM.ActiveCfg = AppStore|iPhone
		{E0C0ED5B-BF57-4398-A504-06036749751E}.AppStore|iPhone.ActiveCfg = AppStore|iPhone
		{E0C0ED5B-BF57-4398-A504-06036749751E}.AppStore|iPhone.Build.0 = AppStore|iPhone
		{E0C0ED5B-BF57-4398-A504-06036749751E}.AppStore|iPhoneSimulator.ActiveCfg = AppStore|iPhoneSimulator
		{E0C0ED5B-BF57-4398-A504-06036749751E}.AppStore|iPhoneSimulator.Build.0 = AppStore|iPhoneSimulator
		{E0C0ED5B-BF57-4398-A504-06036749751E}.AppStore|x64.ActiveCfg = AppStore|iPhone
		{E0C0ED5B-BF57-4398-A504-06036749751E}.AppStore|x86.ActiveCfg = AppStore|iPhone
		{E0C0ED5B-BF57-4398-A504-06036749751E}.Debug|Any CPU.ActiveCfg = Debug|iPhone
		{E0C0ED5B-BF57-4398-A504-06036749751E}.Debug|ARM.ActiveCfg = Debug|iPhone
		{E0C0ED5B-BF57-4398-A504-06036749751E}.Debug|iPhone.ActiveCfg = Debug|iPhone
		{E0C0ED5B-BF57-4398-A504-06036749751E}.Debug|iPhone.Build.0 = Debug|iPhone
		{E0C0ED5B-BF57-4398-A504-06036749751E}.Debug|iPhoneSimulator.ActiveCfg = Debug|iPhoneSimulator
		{E0C0ED5B-BF57-4398-A504-06036749751E}.Debug|iPhoneSimulator.Build.0 = Debug|iPhoneSimulator
		{E0C0ED5B-BF57-4398-A504-06036749751E}.Debug|x64.ActiveCfg = Debug|iPhone
		{E0C0ED5B-BF57-4398-A504-06036749751E}.Debug|x86.ActiveCfg = Debug|iPhone
		{E0C0ED5B-BF57-4398-A504-06036749751E}.Release|Any CPU.ActiveCfg = Release|iPhone
		{E0C0ED5B-BF57-4398-A504-06036749751E}.Release|ARM.ActiveCfg = Release|iPhone
		{E0C0ED5B-BF57-4398-A504-06036749751E}.Release|iPhone.ActiveCfg = Release|iPhone
		{E0C0ED5B-BF57-4398-A504-06036749751E}.Release|iPhone.Build.0 = Release|iPhone
		{E0C0ED5B-BF57-4398-A504-06036749751E}.Release|iPhoneSimulator.ActiveCfg = Release|iPhoneSimulator
		{E0C0ED5B-BF57-4398-A504-06036749751E}.Release|iPhoneSimulator.Build.0 = Release|iPhoneSimulator
		{E0C0ED5B-BF57-4398-A504-06036749751E}.Release|x64.ActiveCfg = Release|iPhone
		{E0C0ED5B-BF57-4398-A504-06036749751E}.Release|x86.ActiveCfg = Release|iPhone
		{848EB389-11FE-4793-B14D-D3D913D57956}.Ad-Hoc|Any CPU.ActiveCfg = Release|Any CPU
		{848EB389-11FE-4793-B14D-D3D913D57956}.Ad-Hoc|Any CPU.Build.0 = Release|Any CPU
		{848EB389-11FE-4793-B14D-D3D913D57956}.Ad-Hoc|Any CPU.Deploy.0 = Release|Any CPU
		{848EB389-11FE-4793-B14D-D3D913D57956}.Ad-Hoc|ARM.ActiveCfg = Release|ARM
		{848EB389-11FE-4793-B14D-D3D913D57956}.Ad-Hoc|ARM.Build.0 = Release|ARM
		{848EB389-11FE-4793-B14D-D3D913D57956}.Ad-Hoc|ARM.Deploy.0 = Release|ARM
		{848EB389-11FE-4793-B14D-D3D913D57956}.Ad-Hoc|iPhone.ActiveCfg = Release|Any CPU
		{848EB389-11FE-4793-B14D-D3D913D57956}.Ad-Hoc|iPhone.Build.0 = Release|Any CPU
		{848EB389-11FE-4793-B14D-D3D913D57956}.Ad-Hoc|iPhone.Deploy.0 = Release|Any CPU
		{848EB389-11FE-4793-B14D-D3D913D57956}.Ad-Hoc|iPhoneSimulator.ActiveCfg = Release|Any CPU
		{848EB389-11FE-4793-B14D-D3D913D57956}.Ad-Hoc|iPhoneSimulator.Build.0 = Release|Any CPU
		{848EB389-11FE-4793-B14D-D3D913D57956}.Ad-Hoc|iPhoneSimulator.Deploy.0 = Release|Any CPU
		{848EB389-11FE-4793-B14D-D3D913D57956}.Ad-Hoc|x64.ActiveCfg = Release|Any CPU
		{848EB389-11FE-4793-B14D-D3D913D57956}.Ad-Hoc|x64.Build.0 = Release|Any CPU
		{848EB389-11FE-4793-B14D-D3D913D57956}.Ad-Hoc|x64.Deploy.0 = Release|Any CPU
		{848EB389-11FE-4793-B14D-D3D913D57956}.Ad-Hoc|x86.ActiveCfg = Release|x86
		{848EB389-11FE-4793-B14D-D3D913D57956}.Ad-Hoc|x86.Build.0 = Release|x86
		{848EB389-11FE-4793-B14D-D3D913D57956}.Ad-Hoc|x86.Deploy.0 = Release|x86
		{848EB389-11FE-4793-B14D-D3D913D57956}.AppStore|Any CPU.ActiveCfg = Release|Any CPU
		{848EB389-11FE-4793-B14D-D3D913D57956}.AppStore|Any CPU.Build.0 = Release|Any CPU
		{848EB389-11FE-4793-B14D-D3D913D57956}.AppStore|Any CPU.Deploy.0 = Release|Any CPU
		{848EB389-11FE-4793-B14D-D3D913D57956}.AppStore|ARM.ActiveCfg = Release|ARM
		{848EB389-11FE-4793-B14D-D3D913D57956}.AppStore|ARM.Build.0 = Release|ARM
		{848EB389-11FE-4793-B14D-D3D913D57956}.AppStore|ARM.Deploy.0 = Release|ARM
		{848EB389-11FE-4793-B14D-D3D913D57956}.AppStore|iPhone.ActiveCfg = Release|Any CPU
		{848EB389-11FE-4793-B14D-D3D913D57956}.AppStore|iPhone.Build.0 = Release|Any CPU
		{848EB389-11FE-4793-B14D-D3D913D57956}.AppStore|iPhone.Deploy.0 = Release|Any CPU
		{848EB389-11FE-4793-B14D-D3D913D57956}.AppStore|iPhoneSimulator.ActiveCfg = Release|Any CPU
		{848EB389-11FE-4793-B14D-D3D913D57956}.AppStore|iPhoneSimulator.Build.0 = Release|Any CPU
		{848EB389-11FE-4793-B14D-D3D913D57956}.AppStore|iPhoneSimulator.Deploy.0 = Release|Any CPU
		{848EB389-11FE-4793-B14D-D3D913D57956}.AppStore|x64.ActiveCfg = Release|Any CPU
		{848EB389-11FE-4793-B14D-D3D913D57956}.AppStore|x64.Build.0 = Release|Any CPU
		{848EB389-11FE-4793-B14D-D3D913D57956}.AppStore|x64.Deploy.0 = Release|Any CPU
		{848EB389-11FE-4793-B14D-D3D913D57956}.AppStore|x86.ActiveCfg = Release|x86
		{848EB389-11FE-4793-B14D-D3D913D57956}.AppStore|x86.Build.0 = Release|x86
		{848EB389-11FE-4793-B14D-D3D913D57956}.AppStore|x86.Deploy.0 = Release|x86
		{848EB389-11FE-4793-B14D-D3D913D57956}.Debug|Any CPU.ActiveCfg = Debug|Any CPU
		{848EB389-11FE-4793-B14D-D3D913D57956}.Debug|Any CPU.Build.0 = Debug|Any CPU
		{848EB389-11FE-4793-B14D-D3D913D57956}.Debug|Any CPU.Deploy.0 = Debug|Any CPU
		{848EB389-11FE-4793-B14D-D3D913D57956}.Debug|ARM.ActiveCfg = Debug|ARM
		{848EB389-11FE-4793-B14D-D3D913D57956}.Debug|ARM.Build.0 = Debug|ARM
		{848EB389-11FE-4793-B14D-D3D913D57956}.Debug|ARM.Deploy.0 = Debug|ARM
		{848EB389-11FE-4793-B14D-D3D913D57956}.Debug|iPhone.ActiveCfg = Debug|Any CPU
		{848EB389-11FE-4793-B14D-D3D913D57956}.Debug|iPhone.Build.0 = Debug|Any CPU
		{848EB389-11FE-4793-B14D-D3D913D57956}.Debug|iPhone.Deploy.0 = Debug|Any CPU
		{848EB389-11FE-4793-B14D-D3D913D57956}.Debug|iPhoneSimulator.ActiveCfg = Debug|Any CPU
		{848EB389-11FE-4793-B14D-D3D913D57956}.Debug|iPhoneSimulator.Build.0 = Debug|Any CPU
		{848EB389-11FE-4793-B14D-D3D913D57956}.Debug|iPhoneSimulator.Deploy.0 = Debug|Any CPU
		{848EB389-11FE-4793-B14D-D3D913D57956}.Debug|x64.ActiveCfg = Debug|Any CPU
		{848EB389-11FE-4793-B14D-D3D913D57956}.Debug|x64.Build.0 = Debug|Any CPU
		{848EB389-11FE-4793-B14D-D3D913D57956}.Debug|x64.Deploy.0 = Debug|Any CPU
		{848EB389-11FE-4793-B14D-D3D913D57956}.Debug|x86.ActiveCfg = Debug|x86
		{848EB389-11FE-4793-B14D-D3D913D57956}.Debug|x86.Build.0 = Debug|x86
		{848EB389-11FE-4793-B14D-D3D913D57956}.Debug|x86.Deploy.0 = Debug|x86
		{848EB389-11FE-4793-B14D-D3D913D57956}.Release|Any CPU.ActiveCfg = Release|Any CPU
		{848EB389-11FE-4793-B14D-D3D913D57956}.Release|Any CPU.Build.0 = Release|Any CPU
		{848EB389-11FE-4793-B14D-D3D913D57956}.Release|Any CPU.Deploy.0 = Release|Any CPU
		{848EB389-11FE-4793-B14D-D3D913D57956}.Release|ARM.ActiveCfg = Release|ARM
		{848EB389-11FE-4793-B14D-D3D913D57956}.Release|ARM.Build.0 = Release|ARM
		{848EB389-11FE-4793-B14D-D3D913D57956}.Release|ARM.Deploy.0 = Release|ARM
		{848EB389-11FE-4793-B14D-D3D913D57956}.Release|iPhone.ActiveCfg = Release|Any CPU
		{848EB389-11FE-4793-B14D-D3D913D57956}.Release|iPhone.Build.0 = Release|Any CPU
		{848EB389-11FE-4793-B14D-D3D913D57956}.Release|iPhone.Deploy.0 = Release|Any CPU
		{848EB389-11FE-4793-B14D-D3D913D57956}.Release|iPhoneSimulator.ActiveCfg = Release|Any CPU
		{848EB389-11FE-4793-B14D-D3D913D57956}.Release|iPhoneSimulator.Build.0 = Release|Any CPU
		{848EB389-11FE-4793-B14D-D3D913D57956}.Release|iPhoneSimulator.Deploy.0 = Release|Any CPU
		{848EB389-11FE-4793-B14D-D3D913D57956}.Release|x64.ActiveCfg = Release|Any CPU
		{848EB389-11FE-4793-B14D-D3D913D57956}.Release|x64.Build.0 = Release|Any CPU
		{848EB389-11FE-4793-B14D-D3D913D57956}.Release|x64.Deploy.0 = Release|Any CPU
		{848EB389-11FE-4793-B14D-D3D913D57956}.Release|x86.ActiveCfg = Release|x86
		{848EB389-11FE-4793-B14D-D3D913D57956}.Release|x86.Build.0 = Release|x86
		{848EB389-11FE-4793-B14D-D3D913D57956}.Release|x86.Deploy.0 = Release|x86
		{34433FFF-00F9-4379-8AD8-C7469AB34ED4}.Ad-Hoc|Any CPU.ActiveCfg = Release|x86
		{34433FFF-00F9-4379-8AD8-C7469AB34ED4}.Ad-Hoc|Any CPU.Build.0 = Release|x86
		{34433FFF-00F9-4379-8AD8-C7469AB34ED4}.Ad-Hoc|Any CPU.Deploy.0 = Release|x86
		{34433FFF-00F9-4379-8AD8-C7469AB34ED4}.Ad-Hoc|ARM.ActiveCfg = Release|ARM
		{34433FFF-00F9-4379-8AD8-C7469AB34ED4}.Ad-Hoc|ARM.Build.0 = Release|ARM
		{34433FFF-00F9-4379-8AD8-C7469AB34ED4}.Ad-Hoc|ARM.Deploy.0 = Release|ARM
		{34433FFF-00F9-4379-8AD8-C7469AB34ED4}.Ad-Hoc|iPhone.ActiveCfg = Release|x86
		{34433FFF-00F9-4379-8AD8-C7469AB34ED4}.Ad-Hoc|iPhone.Build.0 = Release|x86
		{34433FFF-00F9-4379-8AD8-C7469AB34ED4}.Ad-Hoc|iPhone.Deploy.0 = Release|x86
		{34433FFF-00F9-4379-8AD8-C7469AB34ED4}.Ad-Hoc|iPhoneSimulator.ActiveCfg = Release|x86
		{34433FFF-00F9-4379-8AD8-C7469AB34ED4}.Ad-Hoc|iPhoneSimulator.Build.0 = Release|x86
		{34433FFF-00F9-4379-8AD8-C7469AB34ED4}.Ad-Hoc|iPhoneSimulator.Deploy.0 = Release|x86
		{34433FFF-00F9-4379-8AD8-C7469AB34ED4}.Ad-Hoc|x64.ActiveCfg = Release|x64
		{34433FFF-00F9-4379-8AD8-C7469AB34ED4}.Ad-Hoc|x64.Build.0 = Release|x64
		{34433FFF-00F9-4379-8AD8-C7469AB34ED4}.Ad-Hoc|x64.Deploy.0 = Release|x64
		{34433FFF-00F9-4379-8AD8-C7469AB34ED4}.Ad-Hoc|x86.ActiveCfg = Release|x86
		{34433FFF-00F9-4379-8AD8-C7469AB34ED4}.Ad-Hoc|x86.Build.0 = Release|x86
		{34433FFF-00F9-4379-8AD8-C7469AB34ED4}.Ad-Hoc|x86.Deploy.0 = Release|x86
		{34433FFF-00F9-4379-8AD8-C7469AB34ED4}.AppStore|Any CPU.ActiveCfg = Release|x86
		{34433FFF-00F9-4379-8AD8-C7469AB34ED4}.AppStore|Any CPU.Build.0 = Release|x86
		{34433FFF-00F9-4379-8AD8-C7469AB34ED4}.AppStore|Any CPU.Deploy.0 = Release|x86
		{34433FFF-00F9-4379-8AD8-C7469AB34ED4}.AppStore|ARM.ActiveCfg = Release|ARM
		{34433FFF-00F9-4379-8AD8-C7469AB34ED4}.AppStore|ARM.Build.0 = Release|ARM
		{34433FFF-00F9-4379-8AD8-C7469AB34ED4}.AppStore|ARM.Deploy.0 = Release|ARM
		{34433FFF-00F9-4379-8AD8-C7469AB34ED4}.AppStore|iPhone.ActiveCfg = Release|x86
		{34433FFF-00F9-4379-8AD8-C7469AB34ED4}.AppStore|iPhone.Build.0 = Release|x86
		{34433FFF-00F9-4379-8AD8-C7469AB34ED4}.AppStore|iPhone.Deploy.0 = Release|x86
		{34433FFF-00F9-4379-8AD8-C7469AB34ED4}.AppStore|iPhoneSimulator.ActiveCfg = Release|x86
		{34433FFF-00F9-4379-8AD8-C7469AB34ED4}.AppStore|iPhoneSimulator.Build.0 = Release|x86
		{34433FFF-00F9-4379-8AD8-C7469AB34ED4}.AppStore|iPhoneSimulator.Deploy.0 = Release|x86
		{34433FFF-00F9-4379-8AD8-C7469AB34ED4}.AppStore|x64.ActiveCfg = Release|x64
		{34433FFF-00F9-4379-8AD8-C7469AB34ED4}.AppStore|x64.Build.0 = Release|x64
		{34433FFF-00F9-4379-8AD8-C7469AB34ED4}.AppStore|x64.Deploy.0 = Release|x64
		{34433FFF-00F9-4379-8AD8-C7469AB34ED4}.AppStore|x86.ActiveCfg = Release|x86
		{34433FFF-00F9-4379-8AD8-C7469AB34ED4}.AppStore|x86.Build.0 = Release|x86
		{34433FFF-00F9-4379-8AD8-C7469AB34ED4}.AppStore|x86.Deploy.0 = Release|x86
		{34433FFF-00F9-4379-8AD8-C7469AB34ED4}.Debug|Any CPU.ActiveCfg = Debug|x86
		{34433FFF-00F9-4379-8AD8-C7469AB34ED4}.Debug|ARM.ActiveCfg = Debug|ARM
		{34433FFF-00F9-4379-8AD8-C7469AB34ED4}.Debug|ARM.Build.0 = Debug|ARM
		{34433FFF-00F9-4379-8AD8-C7469AB34ED4}.Debug|ARM.Deploy.0 = Debug|ARM
		{34433FFF-00F9-4379-8AD8-C7469AB34ED4}.Debug|iPhone.ActiveCfg = Debug|x86
		{34433FFF-00F9-4379-8AD8-C7469AB34ED4}.Debug|iPhoneSimulator.ActiveCfg = Debug|x86
		{34433FFF-00F9-4379-8AD8-C7469AB34ED4}.Debug|x64.ActiveCfg = Debug|x64
		{34433FFF-00F9-4379-8AD8-C7469AB34ED4}.Debug|x64.Build.0 = Debug|x64
		{34433FFF-00F9-4379-8AD8-C7469AB34ED4}.Debug|x64.Deploy.0 = Debug|x64
		{34433FFF-00F9-4379-8AD8-C7469AB34ED4}.Debug|x86.ActiveCfg = Debug|x86
		{34433FFF-00F9-4379-8AD8-C7469AB34ED4}.Debug|x86.Build.0 = Debug|x86
		{34433FFF-00F9-4379-8AD8-C7469AB34ED4}.Debug|x86.Deploy.0 = Debug|x86
		{34433FFF-00F9-4379-8AD8-C7469AB34ED4}.Release|Any CPU.ActiveCfg = Release|x86
		{34433FFF-00F9-4379-8AD8-C7469AB34ED4}.Release|ARM.ActiveCfg = Release|ARM
		{34433FFF-00F9-4379-8AD8-C7469AB34ED4}.Release|ARM.Build.0 = Release|ARM
		{34433FFF-00F9-4379-8AD8-C7469AB34ED4}.Release|ARM.Deploy.0 = Release|ARM
		{34433FFF-00F9-4379-8AD8-C7469AB34ED4}.Release|iPhone.ActiveCfg = Release|x86
		{34433FFF-00F9-4379-8AD8-C7469AB34ED4}.Release|iPhoneSimulator.ActiveCfg = Release|x86
		{34433FFF-00F9-4379-8AD8-C7469AB34ED4}.Release|x64.ActiveCfg = Release|x64
		{34433FFF-00F9-4379-8AD8-C7469AB34ED4}.Release|x64.Build.0 = Release|x64
		{34433FFF-00F9-4379-8AD8-C7469AB34ED4}.Release|x64.Deploy.0 = Release|x64
		{34433FFF-00F9-4379-8AD8-C7469AB34ED4}.Release|x86.ActiveCfg = Release|x86
		{34433FFF-00F9-4379-8AD8-C7469AB34ED4}.Release|x86.Build.0 = Release|x86
		{34433FFF-00F9-4379-8AD8-C7469AB34ED4}.Release|x86.Deploy.0 = Release|x86
		{C5CD3272-ADB6-407C-A64C-530420037405}.Ad-Hoc|Any CPU.ActiveCfg = Release|Any CPU
		{C5CD3272-ADB6-407C-A64C-530420037405}.Ad-Hoc|Any CPU.Build.0 = Release|Any CPU
		{C5CD3272-ADB6-407C-A64C-530420037405}.Ad-Hoc|Any CPU.Deploy.0 = Release|Any CPU
		{C5CD3272-ADB6-407C-A64C-530420037405}.Ad-Hoc|ARM.ActiveCfg = Release|ARM
		{C5CD3272-ADB6-407C-A64C-530420037405}.Ad-Hoc|ARM.Build.0 = Release|ARM
		{C5CD3272-ADB6-407C-A64C-530420037405}.Ad-Hoc|ARM.Deploy.0 = Release|ARM
		{C5CD3272-ADB6-407C-A64C-530420037405}.Ad-Hoc|iPhone.ActiveCfg = Release|Any CPU
		{C5CD3272-ADB6-407C-A64C-530420037405}.Ad-Hoc|iPhone.Build.0 = Release|Any CPU
		{C5CD3272-ADB6-407C-A64C-530420037405}.Ad-Hoc|iPhone.Deploy.0 = Release|Any CPU
		{C5CD3272-ADB6-407C-A64C-530420037405}.Ad-Hoc|iPhoneSimulator.ActiveCfg = Release|Any CPU
		{C5CD3272-ADB6-407C-A64C-530420037405}.Ad-Hoc|iPhoneSimulator.Build.0 = Release|Any CPU
		{C5CD3272-ADB6-407C-A64C-530420037405}.Ad-Hoc|iPhoneSimulator.Deploy.0 = Release|Any CPU
		{C5CD3272-ADB6-407C-A64C-530420037405}.Ad-Hoc|x64.ActiveCfg = Release|x64
		{C5CD3272-ADB6-407C-A64C-530420037405}.Ad-Hoc|x64.Build.0 = Release|x64
		{C5CD3272-ADB6-407C-A64C-530420037405}.Ad-Hoc|x64.Deploy.0 = Release|x64
		{C5CD3272-ADB6-407C-A64C-530420037405}.Ad-Hoc|x86.ActiveCfg = Release|x86
		{C5CD3272-ADB6-407C-A64C-530420037405}.Ad-Hoc|x86.Build.0 = Release|x86
		{C5CD3272-ADB6-407C-A64C-530420037405}.Ad-Hoc|x86.Deploy.0 = Release|x86
		{C5CD3272-ADB6-407C-A64C-530420037405}.AppStore|Any CPU.ActiveCfg = Release|Any CPU
		{C5CD3272-ADB6-407C-A64C-530420037405}.AppStore|Any CPU.Build.0 = Release|Any CPU
		{C5CD3272-ADB6-407C-A64C-530420037405}.AppStore|Any CPU.Deploy.0 = Release|Any CPU
		{C5CD3272-ADB6-407C-A64C-530420037405}.AppStore|ARM.ActiveCfg = Release|ARM
		{C5CD3272-ADB6-407C-A64C-530420037405}.AppStore|ARM.Build.0 = Release|ARM
		{C5CD3272-ADB6-407C-A64C-530420037405}.AppStore|ARM.Deploy.0 = Release|ARM
		{C5CD3272-ADB6-407C-A64C-530420037405}.AppStore|iPhone.ActiveCfg = Release|Any CPU
		{C5CD3272-ADB6-407C-A64C-530420037405}.AppStore|iPhone.Build.0 = Release|Any CPU
		{C5CD3272-ADB6-407C-A64C-530420037405}.AppStore|iPhone.Deploy.0 = Release|Any CPU
		{C5CD3272-ADB6-407C-A64C-530420037405}.AppStore|iPhoneSimulator.ActiveCfg = Release|Any CPU
		{C5CD3272-ADB6-407C-A64C-530420037405}.AppStore|iPhoneSimulator.Build.0 = Release|Any CPU
		{C5CD3272-ADB6-407C-A64C-530420037405}.AppStore|iPhoneSimulator.Deploy.0 = Release|Any CPU
		{C5CD3272-ADB6-407C-A64C-530420037405}.AppStore|x64.ActiveCfg = Release|x64
		{C5CD3272-ADB6-407C-A64C-530420037405}.AppStore|x64.Build.0 = Release|x64
		{C5CD3272-ADB6-407C-A64C-530420037405}.AppStore|x64.Deploy.0 = Release|x64
		{C5CD3272-ADB6-407C-A64C-530420037405}.AppStore|x86.ActiveCfg = Release|x86
		{C5CD3272-ADB6-407C-A64C-530420037405}.AppStore|x86.Build.0 = Release|x86
		{C5CD3272-ADB6-407C-A64C-530420037405}.AppStore|x86.Deploy.0 = Release|x86
		{C5CD3272-ADB6-407C-A64C-530420037405}.Debug|Any CPU.ActiveCfg = Debug|Any CPU
		{C5CD3272-ADB6-407C-A64C-530420037405}.Debug|Any CPU.Build.0 = Debug|Any CPU
		{C5CD3272-ADB6-407C-A64C-530420037405}.Debug|Any CPU.Deploy.0 = Debug|Any CPU
		{C5CD3272-ADB6-407C-A64C-530420037405}.Debug|ARM.ActiveCfg = Debug|ARM
		{C5CD3272-ADB6-407C-A64C-530420037405}.Debug|ARM.Build.0 = Debug|ARM
		{C5CD3272-ADB6-407C-A64C-530420037405}.Debug|ARM.Deploy.0 = Debug|ARM
		{C5CD3272-ADB6-407C-A64C-530420037405}.Debug|iPhone.ActiveCfg = Debug|Any CPU
		{C5CD3272-ADB6-407C-A64C-530420037405}.Debug|iPhone.Build.0 = Debug|Any CPU
		{C5CD3272-ADB6-407C-A64C-530420037405}.Debug|iPhone.Deploy.0 = Debug|Any CPU
		{C5CD3272-ADB6-407C-A64C-530420037405}.Debug|iPhoneSimulator.ActiveCfg = Debug|Any CPU
		{C5CD3272-ADB6-407C-A64C-530420037405}.Debug|iPhoneSimulator.Build.0 = Debug|Any CPU
		{C5CD3272-ADB6-407C-A64C-530420037405}.Debug|iPhoneSimulator.Deploy.0 = Debug|Any CPU
		{C5CD3272-ADB6-407C-A64C-530420037405}.Debug|x64.ActiveCfg = Debug|x64
		{C5CD3272-ADB6-407C-A64C-530420037405}.Debug|x64.Build.0 = Debug|x64
		{C5CD3272-ADB6-407C-A64C-530420037405}.Debug|x64.Deploy.0 = Debug|x64
		{C5CD3272-ADB6-407C-A64C-530420037405}.Debug|x86.ActiveCfg = Debug|x86
		{C5CD3272-ADB6-407C-A64C-530420037405}.Debug|x86.Build.0 = Debug|x86
		{C5CD3272-ADB6-407C-A64C-530420037405}.Debug|x86.Deploy.0 = Debug|x86
		{C5CD3272-ADB6-407C-A64C-530420037405}.Release|Any CPU.ActiveCfg = Release|Any CPU
		{C5CD3272-ADB6-407C-A64C-530420037405}.Release|Any CPU.Build.0 = Release|Any CPU
		{C5CD3272-ADB6-407C-A64C-530420037405}.Release|Any CPU.Deploy.0 = Release|Any CPU
		{C5CD3272-ADB6-407C-A64C-530420037405}.Release|ARM.ActiveCfg = Release|ARM
		{C5CD3272-ADB6-407C-A64C-530420037405}.Release|ARM.Build.0 = Release|ARM
		{C5CD3272-ADB6-407C-A64C-530420037405}.Release|ARM.Deploy.0 = Release|ARM
		{C5CD3272-ADB6-407C-A64C-530420037405}.Release|iPhone.ActiveCfg = Release|Any CPU
		{C5CD3272-ADB6-407C-A64C-530420037405}.Release|iPhone.Build.0 = Release|Any CPU
		{C5CD3272-ADB6-407C-A64C-530420037405}.Release|iPhone.Deploy.0 = Release|Any CPU
		{C5CD3272-ADB6-407C-A64C-530420037405}.Release|iPhoneSimulator.ActiveCfg = Release|Any CPU
		{C5CD3272-ADB6-407C-A64C-530420037405}.Release|iPhoneSimulator.Build.0 = Release|Any CPU
		{C5CD3272-ADB6-407C-A64C-530420037405}.Release|iPhoneSimulator.Deploy.0 = Release|Any CPU
		{C5CD3272-ADB6-407C-A64C-530420037405}.Release|x64.ActiveCfg = Release|x64
		{C5CD3272-ADB6-407C-A64C-530420037405}.Release|x64.Build.0 = Release|x64
		{C5CD3272-ADB6-407C-A64C-530420037405}.Release|x64.Deploy.0 = Release|x64
		{C5CD3272-ADB6-407C-A64C-530420037405}.Release|x86.ActiveCfg = Release|x86
		{C5CD3272-ADB6-407C-A64C-530420037405}.Release|x86.Build.0 = Release|x86
		{C5CD3272-ADB6-407C-A64C-530420037405}.Release|x86.Deploy.0 = Release|x86
	EndGlobalSection
	GlobalSection(SolutionProperties) = preSolution
		HideSolutionNode = FALSE
	EndGlobalSection
EndGlobal
